
Microsoft Visual Studio Solution File, Format Version 12.00
# Visual Studio Version 16
VisualStudioVersion = 16.0.32428.217
MinimumVisualStudioVersion = 10.0.40219.1
Project("{FAE04EC0-301F-11D3-BF4B-00C04F79EFBC}") = "ShoppingApplication", "ShoppingApplication\ShoppingApplication.csproj", "{17350012-B8D0-4844-9278-6D71EAEEF81B}"
EndProject
Global
	GlobalSection(SolutionConfigurationPlatforms) = preSolution
		Debug|Any CPU = Debug|Any CPU
		Release|Any CPU = Release|Any CPU
	EndGlobalSection
	GlobalSection(ProjectConfigurationPlatforms) = postSolution
		{17350012-B8D0-4844-9278-6D71EAEEF81B}.Debug|Any CPU.ActiveCfg = Debug|Any CPU
		{17350012-B8D0-4844-9278-6D71EAEEF81B}.Debug|Any CPU.Build.0 = Debug|Any CPU
		{17350012-B8D0-4844-9278-6D71EAEEF81B}.Release|Any CPU.ActiveCfg = Release|Any CPU
		{17350012-B8D0-4844-9278-6D71EAEEF81B}.Release|Any CPU.Build.0 = Release|Any CPU
	EndGlobalSection
	GlobalSection(SolutionProperties) = preSolution
		HideSolutionNode = FALSE
	EndGlobalSection
	GlobalSection(ExtensibilityGlobals) = postSolution
		SolutionGuid = {E42016F2-6732-4E38-A574-CCA0530EDB47}
	EndGlobalSection
EndGlobal
